// !$*UTF8*$!
{
	archiveVersion = 1;
	classes = {
	};
	objectVersion = 56;
	objects = {

/* Begin PBXBuildFile section */
		8F689A4B2BF3CADF00B67F5E /* AppDelegate.swift in Sources */ = {isa = PBXBuildFile; fileRef = 8F689A4A2BF3CADF00B67F5E /* AppDelegate.swift */; };
		8F689A4D2BF3CADF00B67F5E /* SceneDelegate.swift in Sources */ = {isa = PBXBuildFile; fileRef = 8F689A4C2BF3CADF00B67F5E /* SceneDelegate.swift */; };
		8F689A542BF3CAE100B67F5E /* Assets.xcassets in Resources */ = {isa = PBXBuildFile; fileRef = 8F689A532BF3CAE100B67F5E /* Assets.xcassets */; };
		8F689A572BF3CAE100B67F5E /* Base in Resources */ = {isa = PBXBuildFile; fileRef = 8F689A562BF3CAE100B67F5E /* Base */; };
		8F689A5F2BF3CCEA00B67F5E /* MainTabBarController.swift in Sources */ = {isa = PBXBuildFile; fileRef = 8F689A5E2BF3CCEA00B67F5E /* MainTabBarController.swift */; };
		8F689A622BF3CDE500B67F5E /* UpcomingViewController.swift in Sources */ = {isa = PBXBuildFile; fileRef = 8F689A612BF3CDE500B67F5E /* UpcomingViewController.swift */; };
		8F689A642BF3CDF400B67F5E /* LiveViewController.swift in Sources */ = {isa = PBXBuildFile; fileRef = 8F689A632BF3CDF400B67F5E /* LiveViewController.swift */; };
		8F689A662BF3CDFD00B67F5E /* FollowingViewController.swift in Sources */ = {isa = PBXBuildFile; fileRef = 8F689A652BF3CDFD00B67F5E /* FollowingViewController.swift */; };
		8F689A6A2BF3D0EF00B67F5E /* UpcomingMatchEntity.swift in Sources */ = {isa = PBXBuildFile; fileRef = 8F689A692BF3D0EF00B67F5E /* UpcomingMatchEntity.swift */; };
		8F689A6C2BF3D0FB00B67F5E /* UpcomingMatchModel.swift in Sources */ = {isa = PBXBuildFile; fileRef = 8F689A6B2BF3D0FB00B67F5E /* UpcomingMatchModel.swift */; };
		8F689A6F2BF3D21400B67F5E /* FrancaDemo.otf in Resources */ = {isa = PBXBuildFile; fileRef = 8F689A6E2BF3D21400B67F5E /* FrancaDemo.otf */; };
		8F689A712BF3D35D00B67F5E /* LiveMatchEntity.swift in Sources */ = {isa = PBXBuildFile; fileRef = 8F689A702BF3D35D00B67F5E /* LiveMatchEntity.swift */; };
		8F689A732BF3D37000B67F5E /* LiveMatchModel.swift in Sources */ = {isa = PBXBuildFile; fileRef = 8F689A722BF3D37000B67F5E /* LiveMatchModel.swift */; };
		8F689A792BF3D4E000B67F5E /* FollowingEntity.swift in Sources */ = {isa = PBXBuildFile; fileRef = 8F689A782BF3D4E000B67F5E /* FollowingEntity.swift */; };
		8F689A7B2BF3D63800B67F5E /* FollowingModel.swift in Sources */ = {isa = PBXBuildFile; fileRef = 8F689A7A2BF3D63800B67F5E /* FollowingModel.swift */; };
		8F689A7E2BF3EF5400B67F5E /* UpcomingViewCell.swift in Sources */ = {isa = PBXBuildFile; fileRef = 8F689A7D2BF3EF5400B67F5E /* UpcomingViewCell.swift */; };
		8FDC53E22BF5541B00F2FCD4 /* UpcomingViewDataSource.swift in Sources */ = {isa = PBXBuildFile; fileRef = 8FDC53E12BF5541B00F2FCD4 /* UpcomingViewDataSource.swift */; };
		8FDC53E42BF557E800F2FCD4 /* UpcomingViewDelegate.swift in Sources */ = {isa = PBXBuildFile; fileRef = 8FDC53E32BF557E800F2FCD4 /* UpcomingViewDelegate.swift */; };
		8FDC53E62BF6A52300F2FCD4 /* PickerUpcomingDataSource.swift in Sources */ = {isa = PBXBuildFile; fileRef = 8FDC53E52BF6A52300F2FCD4 /* PickerUpcomingDataSource.swift */; };
		8FDC53E82BF6A62100F2FCD4 /* PickerUpcomingDelegate.swift in Sources */ = {isa = PBXBuildFile; fileRef = 8FDC53E72BF6A62100F2FCD4 /* PickerUpcomingDelegate.swift */; };
		8FDC53ED2BFBEB7200F2FCD4 /* LiveViewCell.swift in Sources */ = {isa = PBXBuildFile; fileRef = 8FDC53EC2BFBEB7200F2FCD4 /* LiveViewCell.swift */; };
/* End PBXBuildFile section */

/* Begin PBXFileReference section */
		8F689A472BF3CADF00B67F5E /* ValorantApp.app */ = {isa = PBXFileReference; explicitFileType = wrapper.application; includeInIndex = 0; path = ValorantApp.app; sourceTree = BUILT_PRODUCTS_DIR; };
		8F689A4A2BF3CADF00B67F5E /* AppDelegate.swift */ = {isa = PBXFileReference; lastKnownFileType = sourcecode.swift; path = AppDelegate.swift; sourceTree = "<group>"; };
		8F689A4C2BF3CADF00B67F5E /* SceneDelegate.swift */ = {isa = PBXFileReference; lastKnownFileType = sourcecode.swift; path = SceneDelegate.swift; sourceTree = "<group>"; };
		8F689A532BF3CAE100B67F5E /* Assets.xcassets */ = {isa = PBXFileReference; lastKnownFileType = folder.assetcatalog; path = Assets.xcassets; sourceTree = "<group>"; };
		8F689A562BF3CAE100B67F5E /* Base */ = {isa = PBXFileReference; lastKnownFileType = file.storyboard; name = Base; path = Base.lproj/LaunchScreen.storyboard; sourceTree = "<group>"; };
		8F689A582BF3CAE100B67F5E /* Info.plist */ = {isa = PBXFileReference; lastKnownFileType = text.plist.xml; path = Info.plist; sourceTree = "<group>"; };
		8F689A5E2BF3CCEA00B67F5E /* MainTabBarController.swift */ = {isa = PBXFileReference; lastKnownFileType = sourcecode.swift; path = MainTabBarController.swift; sourceTree = "<group>"; };
		8F689A612BF3CDE500B67F5E /* UpcomingViewController.swift */ = {isa = PBXFileReference; lastKnownFileType = sourcecode.swift; path = UpcomingViewController.swift; sourceTree = "<group>"; };
		8F689A632BF3CDF400B67F5E /* LiveViewController.swift */ = {isa = PBXFileReference; lastKnownFileType = sourcecode.swift; path = LiveViewController.swift; sourceTree = "<group>"; };
		8F689A652BF3CDFD00B67F5E /* FollowingViewController.swift */ = {isa = PBXFileReference; lastKnownFileType = sourcecode.swift; path = FollowingViewController.swift; sourceTree = "<group>"; };
		8F689A692BF3D0EF00B67F5E /* UpcomingMatchEntity.swift */ = {isa = PBXFileReference; lastKnownFileType = sourcecode.swift; path = UpcomingMatchEntity.swift; sourceTree = "<group>"; };
		8F689A6B2BF3D0FB00B67F5E /* UpcomingMatchModel.swift */ = {isa = PBXFileReference; lastKnownFileType = sourcecode.swift; path = UpcomingMatchModel.swift; sourceTree = "<group>"; };
		8F689A6E2BF3D21400B67F5E /* FrancaDemo.otf */ = {isa = PBXFileReference; lastKnownFileType = file; path = FrancaDemo.otf; sourceTree = "<group>"; };
		8F689A702BF3D35D00B67F5E /* LiveMatchEntity.swift */ = {isa = PBXFileReference; lastKnownFileType = sourcecode.swift; path = LiveMatchEntity.swift; sourceTree = "<group>"; };
		8F689A722BF3D37000B67F5E /* LiveMatchModel.swift */ = {isa = PBXFileReference; lastKnownFileType = sourcecode.swift; path = LiveMatchModel.swift; sourceTree = "<group>"; };
		8F689A782BF3D4E000B67F5E /* FollowingEntity.swift */ = {isa = PBXFileReference; lastKnownFileType = sourcecode.swift; path = FollowingEntity.swift; sourceTree = "<group>"; };
		8F689A7A2BF3D63800B67F5E /* FollowingModel.swift */ = {isa = PBXFileReference; lastKnownFileType = sourcecode.swift; path = FollowingModel.swift; sourceTree = "<group>"; };
		8F689A7D2BF3EF5400B67F5E /* UpcomingViewCell.swift */ = {isa = PBXFileReference; lastKnownFileType = sourcecode.swift; path = UpcomingViewCell.swift; sourceTree = "<group>"; };
		8FDC53E12BF5541B00F2FCD4 /* UpcomingViewDataSource.swift */ = {isa = PBXFileReference; lastKnownFileType = sourcecode.swift; path = UpcomingViewDataSource.swift; sourceTree = "<group>"; };
		8FDC53E32BF557E800F2FCD4 /* UpcomingViewDelegate.swift */ = {isa = PBXFileReference; lastKnownFileType = sourcecode.swift; path = UpcomingViewDelegate.swift; sourceTree = "<group>"; };
		8FDC53E52BF6A52300F2FCD4 /* PickerUpcomingDataSource.swift */ = {isa = PBXFileReference; lastKnownFileType = sourcecode.swift; path = PickerUpcomingDataSource.swift; sourceTree = "<group>"; };
		8FDC53E72BF6A62100F2FCD4 /* PickerUpcomingDelegate.swift */ = {isa = PBXFileReference; lastKnownFileType = sourcecode.swift; path = PickerUpcomingDelegate.swift; sourceTree = "<group>"; };
		8FDC53EC2BFBEB7200F2FCD4 /* LiveViewCell.swift */ = {isa = PBXFileReference; lastKnownFileType = sourcecode.swift; path = LiveViewCell.swift; sourceTree = "<group>"; };
/* End PBXFileReference section */

/* Begin PBXFrameworksBuildPhase section */
		8F689A442BF3CADF00B67F5E /* Frameworks */ = {
			isa = PBXFrameworksBuildPhase;
			buildActionMask = 2147483647;
			files = (
			);
			runOnlyForDeploymentPostprocessing = 0;
		};
/* End PBXFrameworksBuildPhase section */

/* Begin PBXGroup section */
		8F689A3E2BF3CADF00B67F5E = {
			isa = PBXGroup;
			children = (
				8F689A492BF3CADF00B67F5E /* ValorantApp */,
				8F689A482BF3CADF00B67F5E /* Products */,
			);
			sourceTree = "<group>";
		};
		8F689A482BF3CADF00B67F5E /* Products */ = {
			isa = PBXGroup;
			children = (
				8F689A472BF3CADF00B67F5E /* ValorantApp.app */,
			);
			name = Products;
			sourceTree = "<group>";
		};
		8F689A492BF3CADF00B67F5E /* ValorantApp */ = {
			isa = PBXGroup;
			children = (
				8FDC53E92BFBC2ED00F2FCD4 /* Enums */,
				8FDC53E02BF553F600F2FCD4 /* CollectionView */,
				8F689A7C2BF3EF3600B67F5E /* Cells */,
				8F689A682BF3D0DD00B67F5E /* Entities */,
				8F689A672BF3D0D800B67F5E /* Models */,
				8F689A602BF3CDCA00B67F5E /* ViewController */,
				8F689A4A2BF3CADF00B67F5E /* AppDelegate.swift */,
				8F689A4C2BF3CADF00B67F5E /* SceneDelegate.swift */,
				8F689A5E2BF3CCEA00B67F5E /* MainTabBarController.swift */,
				8F689A6D2BF3D1F000B67F5E /* Fonts */,
				8F689A532BF3CAE100B67F5E /* Assets.xcassets */,
				8F689A552BF3CAE100B67F5E /* LaunchScreen.storyboard */,
				8F689A582BF3CAE100B67F5E /* Info.plist */,
			);
			path = ValorantApp;
			sourceTree = "<group>";
		};
		8F689A602BF3CDCA00B67F5E /* ViewController */ = {
			isa = PBXGroup;
			children = (
				8F689A612BF3CDE500B67F5E /* UpcomingViewController.swift */,
				8F689A632BF3CDF400B67F5E /* LiveViewController.swift */,
				8F689A652BF3CDFD00B67F5E /* FollowingViewController.swift */,
			);
			path = ViewController;
			sourceTree = "<group>";
		};
		8F689A672BF3D0D800B67F5E /* Models */ = {
			isa = PBXGroup;
			children = (
				8F689A6B2BF3D0FB00B67F5E /* UpcomingMatchModel.swift */,
				8F689A722BF3D37000B67F5E /* LiveMatchModel.swift */,
				8F689A7A2BF3D63800B67F5E /* FollowingModel.swift */,
			);
			path = Models;
			sourceTree = "<group>";
		};
		8F689A682BF3D0DD00B67F5E /* Entities */ = {
			isa = PBXGroup;
			children = (
				8F689A692BF3D0EF00B67F5E /* UpcomingMatchEntity.swift */,
				8F689A702BF3D35D00B67F5E /* LiveMatchEntity.swift */,
				8F689A782BF3D4E000B67F5E /* FollowingEntity.swift */,
			);
			path = Entities;
			sourceTree = "<group>";
		};
		8F689A6D2BF3D1F000B67F5E /* Fonts */ = {
			isa = PBXGroup;
			children = (
				8F689A6E2BF3D21400B67F5E /* FrancaDemo.otf */,
			);
			path = Fonts;
			sourceTree = "<group>";
		};
		8F689A7C2BF3EF3600B67F5E /* Cells */ = {
			isa = PBXGroup;
			children = (
				8F689A7D2BF3EF5400B67F5E /* UpcomingViewCell.swift */,
				8FDC53EC2BFBEB7200F2FCD4 /* LiveViewCell.swift */,
			);
			path = Cells;
			sourceTree = "<group>";
		};
		8FDC53E02BF553F600F2FCD4 /* CollectionView */ = {
			isa = PBXGroup;
			children = (
				8FDC53E12BF5541B00F2FCD4 /* UpcomingViewDataSource.swift */,
				8FDC53E32BF557E800F2FCD4 /* UpcomingViewDelegate.swift */,
				8FDC53E52BF6A52300F2FCD4 /* PickerUpcomingDataSource.swift */,
				8FDC53E72BF6A62100F2FCD4 /* PickerUpcomingDelegate.swift */,
			);
			path = CollectionView;
			sourceTree = "<group>";
		};
		8FDC53E92BFBC2ED00F2FCD4 /* Enums */ = {
			isa = PBXGroup;
			children = (
			);
			path = Enums;
			sourceTree = "<group>";
		};
/* End PBXGroup section */

/* Begin PBXNativeTarget section */
		8F689A462BF3CADF00B67F5E /* ValorantApp */ = {
			isa = PBXNativeTarget;
			buildConfigurationList = 8F689A5B2BF3CAE100B67F5E /* Build configuration list for PBXNativeTarget "ValorantApp" */;
			buildPhases = (
				8F689A432BF3CADF00B67F5E /* Sources */,
				8F689A442BF3CADF00B67F5E /* Frameworks */,
				8F689A452BF3CADF00B67F5E /* Resources */,
			);
			buildRules = (
			);
			dependencies = (
			);
			name = ValorantApp;
			productName = ValorantApp;
			productReference = 8F689A472BF3CADF00B67F5E /* ValorantApp.app */;
			productType = "com.apple.product-type.application";
		};
/* End PBXNativeTarget section */

/* Begin PBXProject section */
		8F689A3F2BF3CADF00B67F5E /* Project object */ = {
			isa = PBXProject;
			attributes = {
				BuildIndependentTargetsInParallel = 1;
				LastSwiftUpdateCheck = 1530;
				LastUpgradeCheck = 1530;
				TargetAttributes = {
					8F689A462BF3CADF00B67F5E = {
						CreatedOnToolsVersion = 15.3;
					};
				};
			};
			buildConfigurationList = 8F689A422BF3CADF00B67F5E /* Build configuration list for PBXProject "ValorantApp" */;
			compatibilityVersion = "Xcode 14.0";
			developmentRegion = en;
			hasScannedForEncodings = 0;
			knownRegions = (
				en,
				Base,
			);
			mainGroup = 8F689A3E2BF3CADF00B67F5E;
			productRefGroup = 8F689A482BF3CADF00B67F5E /* Products */;
			projectDirPath = "";
			projectRoot = "";
			targets = (
				8F689A462BF3CADF00B67F5E /* ValorantApp */,
			);
		};
/* End PBXProject section */

/* Begin PBXResourcesBuildPhase section */
		8F689A452BF3CADF00B67F5E /* Resources */ = {
			isa = PBXResourcesBuildPhase;
			buildActionMask = 2147483647;
			files = (
				8F689A542BF3CAE100B67F5E /* Assets.xcassets in Resources */,
				8F689A572BF3CAE100B67F5E /* Base in Resources */,
				8F689A6F2BF3D21400B67F5E /* FrancaDemo.otf in Resources */,
			);
			runOnlyForDeploymentPostprocessing = 0;
		};
/* End PBXResourcesBuildPhase section */

/* Begin PBXSourcesBuildPhase section */
		8F689A432BF3CADF00B67F5E /* Sources */ = {
			isa = PBXSourcesBuildPhase;
			buildActionMask = 2147483647;
			files = (
				8FDC53ED2BFBEB7200F2FCD4 /* LiveViewCell.swift in Sources */,
				8F689A4B2BF3CADF00B67F5E /* AppDelegate.swift in Sources */,
				8FDC53E22BF5541B00F2FCD4 /* UpcomingViewDataSource.swift in Sources */,
				8F689A5F2BF3CCEA00B67F5E /* MainTabBarController.swift in Sources */,
				8F689A622BF3CDE500B67F5E /* UpcomingViewController.swift in Sources */,
				8FDC53E82BF6A62100F2FCD4 /* PickerUpcomingDelegate.swift in Sources */,
				8FDC53E62BF6A52300F2FCD4 /* PickerUpcomingDataSource.swift in Sources */,
				8FDC53E42BF557E800F2FCD4 /* UpcomingViewDelegate.swift in Sources */,
				8F689A712BF3D35D00B67F5E /* LiveMatchEntity.swift in Sources */,
				8F689A662BF3CDFD00B67F5E /* FollowingViewController.swift in Sources */,
				8F689A642BF3CDF400B67F5E /* LiveViewController.swift in Sources */,
				8F689A6A2BF3D0EF00B67F5E /* UpcomingMatchEntity.swift in Sources */,
				8F689A792BF3D4E000B67F5E /* FollowingEntity.swift in Sources */,
				8F689A6C2BF3D0FB00B67F5E /* UpcomingMatchModel.swift in Sources */,
				8F689A4D2BF3CADF00B67F5E /* SceneDelegate.swift in Sources */,
				8F689A7E2BF3EF5400B67F5E /* UpcomingViewCell.swift in Sources */,
				8F689A7B2BF3D63800B67F5E /* FollowingModel.swift in Sources */,
				8F689A732BF3D37000B67F5E /* LiveMatchModel.swift in Sources */,
			);
			runOnlyForDeploymentPostprocessing = 0;
		};
/* End PBXSourcesBuildPhase section */

/* Begin PBXVariantGroup section */
		8F689A552BF3CAE100B67F5E /* LaunchScreen.storyboard */ = {
			isa = PBXVariantGroup;
			children = (
				8F689A562BF3CAE100B67F5E /* Base */,
			);
			name = LaunchScreen.storyboard;
			sourceTree = "<group>";
		};
/* End PBXVariantGroup section */

/* Begin XCBuildConfiguration section */
		8F689A592BF3CAE100B67F5E /* Debug */ = {
			isa = XCBuildConfiguration;
			buildSettings = {
				ALWAYS_SEARCH_USER_PATHS = NO;
				ASSETCATALOG_COMPILER_GENERATE_SWIFT_ASSET_SYMBOL_EXTENSIONS = YES;
				CLANG_ANALYZER_NONNULL = YES;
				CLANG_ANALYZER_NUMBER_OBJECT_CONVERSION = YES_AGGRESSIVE;
				CLANG_CXX_LANGUAGE_STANDARD = "gnu++20";
				CLANG_ENABLE_MODULES = YES;
				CLANG_ENABLE_OBJC_ARC = YES;
				CLANG_ENABLE_OBJC_WEAK = YES;
				CLANG_WARN_BLOCK_CAPTURE_AUTORELEASING = YES;
				CLANG_WARN_BOOL_CONVERSION = YES;
				CLANG_WARN_COMMA = YES;
				CLANG_WARN_CONSTANT_CONVERSION = YES;
				CLANG_WARN_DEPRECATED_OBJC_IMPLEMENTATIONS = YES;
				CLANG_WARN_DIRECT_OBJC_ISA_USAGE = YES_ERROR;
				CLANG_WARN_DOCUMENTATION_COMMENTS = YES;
				CLANG_WARN_EMPTY_BODY = YES;
				CLANG_WARN_ENUM_CONVERSION = YES;
				CLANG_WARN_INFINITE_RECURSION = YES;
				CLANG_WARN_INT_CONVERSION = YES;
				CLANG_WARN_NON_LITERAL_NULL_CONVERSION = YES;
				CLANG_WARN_OBJC_IMPLICIT_RETAIN_SELF = YES;
				CLANG_WARN_OBJC_LITERAL_CONVERSION = YES;
				CLANG_WARN_OBJC_ROOT_CLASS = YES_ERROR;
				CLANG_WARN_QUOTED_INCLUDE_IN_FRAMEWORK_HEADER = YES;
				CLANG_WARN_RANGE_LOOP_ANALYSIS = YES;
				CLANG_WARN_STRICT_PROTOTYPES = YES;
				CLANG_WARN_SUSPICIOUS_MOVE = YES;
				CLANG_WARN_UNGUARDED_AVAILABILITY = YES_AGGRESSIVE;
				CLANG_WARN_UNREACHABLE_CODE = YES;
				CLANG_WARN__DUPLICATE_METHOD_MATCH = YES;
				COPY_PHASE_STRIP = NO;
				DEBUG_INFORMATION_FORMAT = dwarf;
				ENABLE_STRICT_OBJC_MSGSEND = YES;
				ENABLE_TESTABILITY = YES;
				ENABLE_USER_SCRIPT_SANDBOXING = YES;
				GCC_C_LANGUAGE_STANDARD = gnu17;
				GCC_DYNAMIC_NO_PIC = NO;
				GCC_NO_COMMON_BLOCKS = YES;
				GCC_OPTIMIZATION_LEVEL = 0;
				GCC_PREPROCESSOR_DEFINITIONS = (
					"DEBUG=1",
					"$(inherited)",
				);
				GCC_WARN_64_TO_32_BIT_CONVERSION = YES;
				GCC_WARN_ABOUT_RETURN_TYPE = YES_ERROR;
				GCC_WARN_UNDECLARED_SELECTOR = YES;
				GCC_WARN_UNINITIALIZED_AUTOS = YES_AGGRESSIVE;
				GCC_WARN_UNUSED_FUNCTION = YES;
				GCC_WARN_UNUSED_VARIABLE = YES;
				IPHONEOS_DEPLOYMENT_TARGET = 17.4;
				LOCALIZATION_PREFERS_STRING_CATALOGS = YES;
				MTL_ENABLE_DEBUG_INFO = INCLUDE_SOURCE;
				MTL_FAST_MATH = YES;
				ONLY_ACTIVE_ARCH = YES;
				SDKROOT = iphoneos;
				SWIFT_ACTIVE_COMPILATION_CONDITIONS = "DEBUG $(inherited)";
				SWIFT_OPTIMIZATION_LEVEL = "-Onone";
			};
			name = Debug;
		};
		8F689A5A2BF3CAE100B67F5E /* Release */ = {
			isa = XCBuildConfiguration;
			buildSettings = {
				ALWAYS_SEARCH_USER_PATHS = NO;
				ASSETCATALOG_COMPILER_GENERATE_SWIFT_ASSET_SYMBOL_EXTENSIONS = YES;
				CLANG_ANALYZER_NONNULL = YES;
				CLANG_ANALYZER_NUMBER_OBJECT_CONVERSION = YES_AGGRESSIVE;
				CLANG_CXX_LANGUAGE_STANDARD = "gnu++20";
				CLANG_ENABLE_MODULES = YES;
				CLANG_ENABLE_OBJC_ARC = YES;
				CLANG_ENABLE_OBJC_WEAK = YES;
				CLANG_WARN_BLOCK_CAPTURE_AUTORELEASING = YES;
				CLANG_WARN_BOOL_CONVERSION = YES;
				CLANG_WARN_COMMA = YES;
				CLANG_WARN_CONSTANT_CONVERSION = YES;
				CLANG_WARN_DEPRECATED_OBJC_IMPLEMENTATIONS = YES;
				CLANG_WARN_DIRECT_OBJC_ISA_USAGE = YES_ERROR;
				CLANG_WARN_DOCUMENTATION_COMMENTS = YES;
				CLANG_WARN_EMPTY_BODY = YES;
				CLANG_WARN_ENUM_CONVERSION = YES;
				CLANG_WARN_INFINITE_RECURSION = YES;
				CLANG_WARN_INT_CONVERSION = YES;
				CLANG_WARN_NON_LITERAL_NULL_CONVERSION = YES;
				CLANG_WARN_OBJC_IMPLICIT_RETAIN_SELF = YES;
				CLANG_WARN_OBJC_LITERAL_CONVERSION = YES;
				CLANG_WARN_OBJC_ROOT_CLASS = YES_ERROR;
				CLANG_WARN_QUOTED_INCLUDE_IN_FRAMEWORK_HEADER = YES;
				CLANG_WARN_RANGE_LOOP_ANALYSIS = YES;
				CLANG_WARN_STRICT_PROTOTYPES = YES;
				CLANG_WARN_SUSPICIOUS_MOVE = YES;
				CLANG_WARN_UNGUARDED_AVAILABILITY = YES_AGGRESSIVE;
				CLANG_WARN_UNREACHABLE_CODE = YES;
				CLANG_WARN__DUPLICATE_METHOD_MATCH = YES;
				COPY_PHASE_STRIP = NO;
				DEBUG_INFORMATION_FORMAT = "dwarf-with-dsym";
				ENABLE_NS_ASSERTIONS = NO;
				ENABLE_STRICT_OBJC_MSGSEND = YES;
				ENABLE_USER_SCRIPT_SANDBOXING = YES;
				GCC_C_LANGUAGE_STANDARD = gnu17;
				GCC_NO_COMMON_BLOCKS = YES;
				GCC_WARN_64_TO_32_BIT_CONVERSION = YES;
				GCC_WARN_ABOUT_RETURN_TYPE = YES_ERROR;
				GCC_WARN_UNDECLARED_SELECTOR = YES;
				GCC_WARN_UNINITIALIZED_AUTOS = YES_AGGRESSIVE;
				GCC_WARN_UNUSED_FUNCTION = YES;
				GCC_WARN_UNUSED_VARIABLE = YES;
				IPHONEOS_DEPLOYMENT_TARGET = 17.4;
				LOCALIZATION_PREFERS_STRING_CATALOGS = YES;
				MTL_ENABLE_DEBUG_INFO = NO;
				MTL_FAST_MATH = YES;
				SDKROOT = iphoneos;
				SWIFT_COMPILATION_MODE = wholemodule;
				VALIDATE_PRODUCT = YES;
			};
			name = Release;
		};
		8F689A5C2BF3CAE100B67F5E /* Debug */ = {
			isa = XCBuildConfiguration;
			buildSettings = {
				ASSETCATALOG_COMPILER_APPICON_NAME = AppIcon;
				ASSETCATALOG_COMPILER_GLOBAL_ACCENT_COLOR_NAME = AccentColor;
				CODE_SIGN_STYLE = Automatic;
				CURRENT_PROJECT_VERSION = 1;
				DEVELOPMENT_TEAM = D94U49X98V;
				GENERATE_INFOPLIST_FILE = YES;
				INFOPLIST_FILE = ValorantApp/Info.plist;
				INFOPLIST_KEY_UIApplicationSupportsIndirectInputEvents = YES;
				INFOPLIST_KEY_UILaunchStoryboardName = LaunchScreen;
				INFOPLIST_KEY_UISupportedInterfaceOrientations_iPad = "UIInterfaceOrientationPortrait UIInterfaceOrientationPortraitUpsideDown UIInterfaceOrientationLandscapeLeft UIInterfaceOrientationLandscapeRight";
				INFOPLIST_KEY_UISupportedInterfaceOrientations_iPhone = "UIInterfaceOrientationPortrait UIInterfaceOrientationLandscapeLeft UIInterfaceOrientationLandscapeRight";
				LD_RUNPATH_SEARCH_PATHS = (
					"$(inherited)",
					"@executable_path/Frameworks",
				);
				MARKETING_VERSION = 1.0;
				PRODUCT_BUNDLE_IDENTIFIER = thiagoliporace.ValorantApp;
				PRODUCT_NAME = "$(TARGET_NAME)";
				SWIFT_EMIT_LOC_STRINGS = YES;
				SWIFT_VERSION = 5.0;
				TARGETED_DEVICE_FAMILY = "1,2";
			};
			name = Debug;
		};
		8F689A5D2BF3CAE100B67F5E /* Release */ = {
			isa = XCBuildConfiguration;
			buildSettings = {
				ASSETCATALOG_COMPILER_APPICON_NAME = AppIcon;
				ASSETCATALOG_COMPILER_GLOBAL_ACCENT_COLOR_NAME = AccentColor;
				CODE_SIGN_STYLE = Automatic;
				CURRENT_PROJECT_VERSION = 1;
				DEVELOPMENT_TEAM = D94U49X98V;
				GENERATE_INFOPLIST_FILE = YES;
				INFOPLIST_FILE = ValorantApp/Info.plist;
				INFOPLIST_KEY_UIApplicationSupportsIndirectInputEvents = YES;
				INFOPLIST_KEY_UILaunchStoryboardName = LaunchScreen;
				INFOPLIST_KEY_UISupportedInterfaceOrientations_iPad = "UIInterfaceOrientationPortrait UIInterfaceOrientationPortraitUpsideDown UIInterfaceOrientationLandscapeLeft UIInterfaceOrientationLandscapeRight";
				INFOPLIST_KEY_UISupportedInterfaceOrientations_iPhone = "UIInterfaceOrientationPortrait UIInterfaceOrientationLandscapeLeft UIInterfaceOrientationLandscapeRight";
				LD_RUNPATH_SEARCH_PATHS = (
					"$(inherited)",
					"@executable_path/Frameworks",
				);
				MARKETING_VERSION = 1.0;
				PRODUCT_BUNDLE_IDENTIFIER = thiagoliporace.ValorantApp;
				PRODUCT_NAME = "$(TARGET_NAME)";
				SWIFT_EMIT_LOC_STRINGS = YES;
				SWIFT_VERSION = 5.0;
				TARGETED_DEVICE_FAMILY = "1,2";
			};
			name = Release;
		};
/* End XCBuildConfiguration section */

/* Begin XCConfigurationList section */
		8F689A422BF3CADF00B67F5E /* Build configuration list for PBXProject "ValorantApp" */ = {
			isa = XCConfigurationList;
			buildConfigurations = (
				8F689A592BF3CAE100B67F5E /* Debug */,
				8F689A5A2BF3CAE100B67F5E /* Release */,
			);
			defaultConfigurationIsVisible = 0;
			defaultConfigurationName = Release;
		};
		8F689A5B2BF3CAE100B67F5E /* Build configuration list for PBXNativeTarget "ValorantApp" */ = {
			isa = XCConfigurationList;
			buildConfigurations = (
				8F689A5C2BF3CAE100B67F5E /* Debug */,
				8F689A5D2BF3CAE100B67F5E /* Release */,
			);
			defaultConfigurationIsVisible = 0;
			defaultConfigurationName = Release;
		};
/* End XCConfigurationList section */
	};
	rootObject = 8F689A3F2BF3CADF00B67F5E /* Project object */;
}
